
Microsoft Visual Studio Solution File, Format Version 12.00
# Visual Studio 2013
VisualStudioVersion = 12.0.21005.1
MinimumVisualStudioVersion = 10.0.40219.1
Project("{FAE04EC0-301F-11D3-BF4B-00C04F79EFBC}") = "WebFrameWork", "WebFrameWork\WebFrameWork.csproj", "{87051B68-15A1-4CBC-B623-BD35D56DFF12}"
EndProject
Project("{FAE04EC0-301F-11D3-BF4B-00C04F79EFBC}") = "HeroTask", "HeroTask\HeroTask.csproj", "{3C5B00CF-1D30-4AF4-928D-DC6A030DFD01}"
EndProject
Project("{FAE04EC0-301F-11D3-BF4B-00C04F79EFBC}") = "Fund", "..\..\..\..\Desktop\py\Fund\Fund\Fund.csproj", "{0AA57B68-7951-4B3E-AFB1-2FE238C2F238}"
EndProject
Project("{FAE04EC0-301F-11D3-BF4B-00C04F79EFBC}") = "FundConole", "FundConole\FundConole.csproj", "{D9A4C0B5-4147-4FB4-942D-F1D8E5419584}"
EndProject
Project("{FAE04EC0-301F-11D3-BF4B-00C04F79EFBC}") = "Jazz.EFframe", "Jazz.EFframe\Jazz.EFframe.csproj", "{7A8A02EC-C475-4B9C-ABD2-666AF30D55F7}"
EndProject
Project("{FAE04EC0-301F-11D3-BF4B-00C04F79EFBC}") = "Jazz.ADOFrame", "Jazz.ADOFrame\Jazz.ADOFrame.csproj", "{59199274-753D-4FF6-9BAB-917C68B7E04E}"
EndProject
Project("{2150E333-8FDC-42A3-9474-1A3956D46DE8}") = "JazzFrame", "JazzFrame", "{06816652-847B-4EBA-BC18-0CDDC9DDF084}"
EndProject
Project("{2150E333-8FDC-42A3-9474-1A3956D46DE8}") = "Jazz.Helper 常用工具库", "Jazz.Helper 常用工具库", "{D908DB58-0D7B-4EBC-8E61-5B45A9867D31}"
EndProject
Project("{FAE04EC0-301F-11D3-BF4B-00C04F79EFBC}") = "Jazz.Helper.DataBase", "Jazz.Helper.DataBase\Jazz.Helper.DataBase.csproj", "{3A2989B9-AE6C-4B67-B7C1-496F39759D12}"
EndProject
Project("{FAE04EC0-301F-11D3-BF4B-00C04F79EFBC}") = "Jazz.Helper.Common", "Jazz.Helper.Common\Jazz.Helper.Common.csproj", "{856F02F5-9011-443B-A7EF-6A032941EBD6}"
EndProject
Project("{FAE04EC0-301F-11D3-BF4B-00C04F79EFBC}") = "Jazz.Helper.Security", "Jazz.Helper.Security\Jazz.Helper.Security.csproj", "{26CEAF73-AA3D-4273-B8AF-BB26DF907DE1}"
EndProject
Project("{FAE04EC0-301F-11D3-BF4B-00C04F79EFBC}") = "Jazz.Helper.Document", "Jazz.Helper.Document\Jazz.Helper.Document.csproj", "{836FF0F1-F869-4597-8F3D-B5E842DA0588}"
EndProject
Project("{FAE04EC0-301F-11D3-BF4B-00C04F79EFBC}") = "Jazz.EFframe.IMap", "Jazz.EFframe.IMap\Jazz.EFframe.IMap.csproj", "{9B0BCF33-61E7-4BBD-BC1C-ED3FAC574435}"
EndProject
Project("{2150E333-8FDC-42A3-9474-1A3956D46DE8}") = "Jazz.ADO 通用ADO的Web框架", "Jazz.ADO 通用ADO的Web框架", "{8A8D7F07-28E1-4969-A4FD-B0A3C4AC3525}"
EndProject
Project("{2150E333-8FDC-42A3-9474-1A3956D46DE8}") = "Jazz.EF 通用EF的Web框架", "Jazz.EF 通用EF的Web框架", "{EA509411-0AAA-468E-A410-5B4C39DDC93E}"
EndProject
Project("{FAE04EC0-301F-11D3-BF4B-00C04F79EFBC}") = "Jazz.Helper.Web", "Jazz.Helper.Web\Jazz.Helper.Web.csproj", "{03AD1442-85CA-4F08-96EC-1C190005223D}"
EndProject
Project("{FAE04EC0-301F-11D3-BF4B-00C04F79EFBC}") = "Jazz.Helper.AForge", "Jazz.Helper.AForge\Jazz.Helper.AForge.csproj", "{1148EC9E-B6B2-419E-951D-C592153AED17}"
EndProject
Project("{2150E333-8FDC-42A3-9474-1A3956D46DE8}") = "Jazz.Common 通用框架类", "Jazz.Common 通用框架类", "{24A1E080-9C7E-4EFA-B92E-DE1472117E98}"
EndProject
Project("{FAE04EC0-301F-11D3-BF4B-00C04F79EFBC}") = "Jazz.Common.Web", "Jazz.Common.Web\Jazz.Common.Web.csproj", "{3B432594-A834-4C7E-B09E-27B26C7A7C7B}"
EndProject
Project("{FAE04EC0-301F-11D3-BF4B-00C04F79EFBC}") = "Jazz.Common.Enum", "Jazz.Common.Enum\Jazz.Common.Enum.csproj", "{7AE80175-C9CE-4BCD-8B77-0FBF3F4A483D}"
EndProject
Project("{FAE04EC0-301F-11D3-BF4B-00C04F79EFBC}") = "Jazz.EF.Frame", "Jazz.EF.Frame\Jazz.EF.Frame.csproj", "{923BEA0E-C321-4DEC-B231-9A20FE971741}"
EndProject
Project("{FAE04EC0-301F-11D3-BF4B-00C04F79EFBC}") = "Jazz.ADO.Frame", "Jazz.ADO.Frame\Jazz.ADO.Frame.csproj", "{99C7A830-A087-4F00-BBB9-43F7B54F4CD7}"
EndProject
Project("{2150E333-8FDC-42A3-9474-1A3956D46DE8}") = "Jazz.Demo", "Jazz.Demo", "{9AC1BA9E-1B62-4531-BACF-E91C1D919AEF}"
EndProject
Project("{FAE04EC0-301F-11D3-BF4B-00C04F79EFBC}") = "Jazz.Demo.API", "Jazz.Demo.MVC\Jazz.Demo.API.csproj", "{677F6AD0-27B2-44FF-A7E7-80465FF0D34B}"
EndProject
Project("{FAE04EC0-301F-11D3-BF4B-00C04F79EFBC}") = "Jazz.Common.MVC", "Jazz.Common.MVC\Jazz.Common.MVC.csproj", "{A86A886D-0618-469E-A674-03DE5B0F3287}"
EndProject
Project("{FAE04EC0-301F-11D3-BF4B-00C04F79EFBC}") = "Jazz.Common.SOA", "Jazz.Common.SOA\Jazz.Common.SOA.csproj", "{E8AF11E8-5688-4BDC-93DB-995642315208}"
EndProject
Project("{FAE04EC0-301F-11D3-BF4B-00C04F79EFBC}") = "Jazz.Common.Enitiy", "Jazz.Common.Enitiy\Jazz.Common.Enitiy.csproj", "{CFA09889-FF8F-4E33-8C97-F4774F20DDA8}"
EndProject
Project("{FAE04EC0-301F-11D3-BF4B-00C04F79EFBC}") = "Jazz.Common.IOC", "Jazz.Common.IOC\Jazz.Common.IOC.csproj", "{9AEAA6B5-CAD3-463F-BE28-438EAD6834DA}"
EndProject
Project("{FAE04EC0-301F-11D3-BF4B-00C04F79EFBC}") = "Jazz.Common.Aop", "Jazz.Common.Aop\Jazz.Common.Aop.csproj", "{1E19D84C-947E-4D8A-9014-487E988B72C6}"
EndProject
Project("{FAE04EC0-301F-11D3-BF4B-00C04F79EFBC}") = "Jazz.Common.JMS", "Jazz.Common.JMS\Jazz.Common.JMS.csproj", "{3FC84A7E-8315-4783-BDA9-413A80019AC3}"
EndProject
Project("{FAE04EC0-301F-11D3-BF4B-00C04F79EFBC}") = "Jazz.Demo.Console", "Jazz.Demo.Console\Jazz.Demo.Console.csproj", "{F0885EF6-FE47-4D85-AE01-09B38D4B3BB7}"
EndProject
Project("{FAE04EC0-301F-11D3-BF4B-00C04F79EFBC}") = "Jazz.Demo.Console2", "Jazz.Demo.Console2\Jazz.Demo.Console2.csproj", "{61F6601D-62B6-4BEE-AC83-1BB62F1EBDBA}"
EndProject
Project("{2150E333-8FDC-42A3-9474-1A3956D46DE8}") = "Jazz.SOA 通用分布式框架", "Jazz.SOA 通用分布式框架", "{C2FAE553-1C0E-406A-9B9E-0DA7C32FC548}"
EndProject
Project("{FAE04EC0-301F-11D3-BF4B-00C04F79EFBC}") = "Jazz.SOA.DBJMS", "Jazz.SOA.JMS\Jazz.SOA.DBJMS.csproj", "{854BC587-64F6-4BEA-B3D0-0523588C4AE4}"
EndProject
Project("{FAE04EC0-301F-11D3-BF4B-00C04F79EFBC}") = "Jazz.Demo.DBConsole", "Jazz.Demo.DBConsole\Jazz.Demo.DBConsole.csproj", "{7695D2BF-4E61-4D53-BF87-1ACCEED9F0F6}"
EndProject
Project("{2150E333-8FDC-42A3-9474-1A3956D46DE8}") = "Jazz.APP", "Jazz.APP", "{16450E20-D8E7-440C-A651-B87436241BD0}"
EndProject
Project("{FAE04EC0-301F-11D3-BF4B-00C04F79EFBC}") = "Jazz.Helper.Console", "Jazz.Helper.Console\Jazz.Helper.Console.csproj", "{425AD99D-F20E-44B3-87FF-6FDB58C8A4A0}"
EndProject
Project("{FAE04EC0-301F-11D3-BF4B-00C04F79EFBC}") = "JazzConsoleApp", "ConsoleApp\JazzConsoleApp.csproj", "{C9F2A864-6E6D-4B60-B47C-D1479FFE63B5}"
EndProject
Project("{FAE04EC0-301F-11D3-BF4B-00C04F79EFBC}") = "JazzClouldApp", "JazzClouldApp\JazzClouldApp.csproj", "{F15968BB-16C5-447E-B3C5-235F1FB24D61}"
EndProject
Project("{FAE04EC0-301F-11D3-BF4B-00C04F79EFBC}") = "EastMoneyRunner", "EastMoneyRunner\EastMoneyRunner.csproj", "{07737193-F138-4B3D-B8B4-0C6AAC92C26C}"
EndProject
Global
	GlobalSection(SolutionConfigurationPlatforms) = preSolution
		Debug|Any CPU = Debug|Any CPU
		Release|Any CPU = Release|Any CPU
	EndGlobalSection
	GlobalSection(ProjectConfigurationPlatforms) = postSolution
		{87051B68-15A1-4CBC-B623-BD35D56DFF12}.Debug|Any CPU.ActiveCfg = Debug|Any CPU
		{87051B68-15A1-4CBC-B623-BD35D56DFF12}.Debug|Any CPU.Build.0 = Debug|Any CPU
		{87051B68-15A1-4CBC-B623-BD35D56DFF12}.Release|Any CPU.ActiveCfg = Release|Any CPU
		{87051B68-15A1-4CBC-B623-BD35D56DFF12}.Release|Any CPU.Build.0 = Release|Any CPU
		{3C5B00CF-1D30-4AF4-928D-DC6A030DFD01}.Debug|Any CPU.ActiveCfg = Debug|Any CPU
		{3C5B00CF-1D30-4AF4-928D-DC6A030DFD01}.Debug|Any CPU.Build.0 = Debug|Any CPU
		{3C5B00CF-1D30-4AF4-928D-DC6A030DFD01}.Release|Any CPU.ActiveCfg = Release|Any CPU
		{3C5B00CF-1D30-4AF4-928D-DC6A030DFD01}.Release|Any CPU.Build.0 = Release|Any CPU
		{0AA57B68-7951-4B3E-AFB1-2FE238C2F238}.Debug|Any CPU.ActiveCfg = Debug|Any CPU
		{0AA57B68-7951-4B3E-AFB1-2FE238C2F238}.Debug|Any CPU.Build.0 = Debug|Any CPU
		{0AA57B68-7951-4B3E-AFB1-2FE238C2F238}.Release|Any CPU.ActiveCfg = Release|Any CPU
		{0AA57B68-7951-4B3E-AFB1-2FE238C2F238}.Release|Any CPU.Build.0 = Release|Any CPU
		{D9A4C0B5-4147-4FB4-942D-F1D8E5419584}.Debug|Any CPU.ActiveCfg = Debug|Any CPU
		{D9A4C0B5-4147-4FB4-942D-F1D8E5419584}.Debug|Any CPU.Build.0 = Debug|Any CPU
		{D9A4C0B5-4147-4FB4-942D-F1D8E5419584}.Release|Any CPU.ActiveCfg = Release|Any CPU
		{D9A4C0B5-4147-4FB4-942D-F1D8E5419584}.Release|Any CPU.Build.0 = Release|Any CPU
		{7A8A02EC-C475-4B9C-ABD2-666AF30D55F7}.Debug|Any CPU.ActiveCfg = Debug|Any CPU
		{7A8A02EC-C475-4B9C-ABD2-666AF30D55F7}.Debug|Any CPU.Build.0 = Debug|Any CPU
		{7A8A02EC-C475-4B9C-ABD2-666AF30D55F7}.Release|Any CPU.ActiveCfg = Release|Any CPU
		{7A8A02EC-C475-4B9C-ABD2-666AF30D55F7}.Release|Any CPU.Build.0 = Release|Any CPU
		{59199274-753D-4FF6-9BAB-917C68B7E04E}.Debug|Any CPU.ActiveCfg = Debug|Any CPU
		{59199274-753D-4FF6-9BAB-917C68B7E04E}.Debug|Any CPU.Build.0 = Debug|Any CPU
		{59199274-753D-4FF6-9BAB-917C68B7E04E}.Release|Any CPU.ActiveCfg = Release|Any CPU
		{59199274-753D-4FF6-9BAB-917C68B7E04E}.Release|Any CPU.Build.0 = Release|Any CPU
		{3A2989B9-AE6C-4B67-B7C1-496F39759D12}.Debug|Any CPU.ActiveCfg = Debug|Any CPU
		{3A2989B9-AE6C-4B67-B7C1-496F39759D12}.Debug|Any CPU.Build.0 = Debug|Any CPU
		{3A2989B9-AE6C-4B67-B7C1-496F39759D12}.Release|Any CPU.ActiveCfg = Release|Any CPU
		{3A2989B9-AE6C-4B67-B7C1-496F39759D12}.Release|Any CPU.Build.0 = Release|Any CPU
		{856F02F5-9011-443B-A7EF-6A032941EBD6}.Debug|Any CPU.ActiveCfg = Debug|Any CPU
		{856F02F5-9011-443B-A7EF-6A032941EBD6}.Debug|Any CPU.Build.0 = Debug|Any CPU
		{856F02F5-9011-443B-A7EF-6A032941EBD6}.Release|Any CPU.ActiveCfg = Release|Any CPU
		{856F02F5-9011-443B-A7EF-6A032941EBD6}.Release|Any CPU.Build.0 = Release|Any CPU
		{26CEAF73-AA3D-4273-B8AF-BB26DF907DE1}.Debug|Any CPU.ActiveCfg = Debug|Any CPU
		{26CEAF73-AA3D-4273-B8AF-BB26DF907DE1}.Debug|Any CPU.Build.0 = Debug|Any CPU
		{26CEAF73-AA3D-4273-B8AF-BB26DF907DE1}.Release|Any CPU.ActiveCfg = Release|Any CPU
		{26CEAF73-AA3D-4273-B8AF-BB26DF907DE1}.Release|Any CPU.Build.0 = Release|Any CPU
		{836FF0F1-F869-4597-8F3D-B5E842DA0588}.Debug|Any CPU.ActiveCfg = Debug|Any CPU
		{836FF0F1-F869-4597-8F3D-B5E842DA0588}.Debug|Any CPU.Build.0 = Debug|Any CPU
		{836FF0F1-F869-4597-8F3D-B5E842DA0588}.Release|Any CPU.ActiveCfg = Release|Any CPU
		{836FF0F1-F869-4597-8F3D-B5E842DA0588}.Release|Any CPU.Build.0 = Release|Any CPU
		{9B0BCF33-61E7-4BBD-BC1C-ED3FAC574435}.Debug|Any CPU.ActiveCfg = Debug|Any CPU
		{9B0BCF33-61E7-4BBD-BC1C-ED3FAC574435}.Debug|Any CPU.Build.0 = Debug|Any CPU
		{9B0BCF33-61E7-4BBD-BC1C-ED3FAC574435}.Release|Any CPU.ActiveCfg = Release|Any CPU
		{9B0BCF33-61E7-4BBD-BC1C-ED3FAC574435}.Release|Any CPU.Build.0 = Release|Any CPU
		{03AD1442-85CA-4F08-96EC-1C190005223D}.Debug|Any CPU.ActiveCfg = Debug|Any CPU
		{03AD1442-85CA-4F08-96EC-1C190005223D}.Debug|Any CPU.Build.0 = Debug|Any CPU
		{03AD1442-85CA-4F08-96EC-1C190005223D}.Release|Any CPU.ActiveCfg = Release|Any CPU
		{03AD1442-85CA-4F08-96EC-1C190005223D}.Release|Any CPU.Build.0 = Release|Any CPU
		{1148EC9E-B6B2-419E-951D-C592153AED17}.Debug|Any CPU.ActiveCfg = Debug|Any CPU
		{1148EC9E-B6B2-419E-951D-C592153AED17}.Debug|Any CPU.Build.0 = Debug|Any CPU
		{1148EC9E-B6B2-419E-951D-C592153AED17}.Release|Any CPU.ActiveCfg = Release|Any CPU
		{1148EC9E-B6B2-419E-951D-C592153AED17}.Release|Any CPU.Build.0 = Release|Any CPU
		{3B432594-A834-4C7E-B09E-27B26C7A7C7B}.Debug|Any CPU.ActiveCfg = Debug|Any CPU
		{3B432594-A834-4C7E-B09E-27B26C7A7C7B}.Debug|Any CPU.Build.0 = Debug|Any CPU
		{3B432594-A834-4C7E-B09E-27B26C7A7C7B}.Release|Any CPU.ActiveCfg = Release|Any CPU
		{3B432594-A834-4C7E-B09E-27B26C7A7C7B}.Release|Any CPU.Build.0 = Release|Any CPU
		{7AE80175-C9CE-4BCD-8B77-0FBF3F4A483D}.Debug|Any CPU.ActiveCfg = Debug|Any CPU
		{7AE80175-C9CE-4BCD-8B77-0FBF3F4A483D}.Debug|Any CPU.Build.0 = Debug|Any CPU
		{7AE80175-C9CE-4BCD-8B77-0FBF3F4A483D}.Release|Any CPU.ActiveCfg = Release|Any CPU
		{7AE80175-C9CE-4BCD-8B77-0FBF3F4A483D}.Release|Any CPU.Build.0 = Release|Any CPU
		{923BEA0E-C321-4DEC-B231-9A20FE971741}.Debug|Any CPU.ActiveCfg = Debug|Any CPU
		{923BEA0E-C321-4DEC-B231-9A20FE971741}.Debug|Any CPU.Build.0 = Debug|Any CPU
		{923BEA0E-C321-4DEC-B231-9A20FE971741}.Release|Any CPU.ActiveCfg = Release|Any CPU
		{923BEA0E-C321-4DEC-B231-9A20FE971741}.Release|Any CPU.Build.0 = Release|Any CPU
		{99C7A830-A087-4F00-BBB9-43F7B54F4CD7}.Debug|Any CPU.ActiveCfg = Debug|Any CPU
		{99C7A830-A087-4F00-BBB9-43F7B54F4CD7}.Debug|Any CPU.Build.0 = Debug|Any CPU
		{99C7A830-A087-4F00-BBB9-43F7B54F4CD7}.Release|Any CPU.ActiveCfg = Release|Any CPU
		{99C7A830-A087-4F00-BBB9-43F7B54F4CD7}.Release|Any CPU.Build.0 = Release|Any CPU
		{677F6AD0-27B2-44FF-A7E7-80465FF0D34B}.Debug|Any CPU.ActiveCfg = Debug|Any CPU
		{677F6AD0-27B2-44FF-A7E7-80465FF0D34B}.Debug|Any CPU.Build.0 = Debug|Any CPU
		{677F6AD0-27B2-44FF-A7E7-80465FF0D34B}.Release|Any CPU.ActiveCfg = Release|Any CPU
		{677F6AD0-27B2-44FF-A7E7-80465FF0D34B}.Release|Any CPU.Build.0 = Release|Any CPU
		{A86A886D-0618-469E-A674-03DE5B0F3287}.Debug|Any CPU.ActiveCfg = Debug|Any CPU
		{A86A886D-0618-469E-A674-03DE5B0F3287}.Debug|Any CPU.Build.0 = Debug|Any CPU
		{A86A886D-0618-469E-A674-03DE5B0F3287}.Release|Any CPU.ActiveCfg = Release|Any CPU
		{A86A886D-0618-469E-A674-03DE5B0F3287}.Release|Any CPU.Build.0 = Release|Any CPU
		{E8AF11E8-5688-4BDC-93DB-995642315208}.Debug|Any CPU.ActiveCfg = Debug|Any CPU
		{E8AF11E8-5688-4BDC-93DB-995642315208}.Debug|Any CPU.Build.0 = Debug|Any CPU
		{E8AF11E8-5688-4BDC-93DB-995642315208}.Release|Any CPU.ActiveCfg = Release|Any CPU
		{E8AF11E8-5688-4BDC-93DB-995642315208}.Release|Any CPU.Build.0 = Release|Any CPU
		{CFA09889-FF8F-4E33-8C97-F4774F20DDA8}.Debug|Any CPU.ActiveCfg = Debug|Any CPU
		{CFA09889-FF8F-4E33-8C97-F4774F20DDA8}.Debug|Any CPU.Build.0 = Debug|Any CPU
		{CFA09889-FF8F-4E33-8C97-F4774F20DDA8}.Release|Any CPU.ActiveCfg = Release|Any CPU
		{CFA09889-FF8F-4E33-8C97-F4774F20DDA8}.Release|Any CPU.Build.0 = Release|Any CPU
		{9AEAA6B5-CAD3-463F-BE28-438EAD6834DA}.Debug|Any CPU.ActiveCfg = Debug|Any CPU
		{9AEAA6B5-CAD3-463F-BE28-438EAD6834DA}.Debug|Any CPU.Build.0 = Debug|Any CPU
		{9AEAA6B5-CAD3-463F-BE28-438EAD6834DA}.Release|Any CPU.ActiveCfg = Release|Any CPU
		{9AEAA6B5-CAD3-463F-BE28-438EAD6834DA}.Release|Any CPU.Build.0 = Release|Any CPU
		{1E19D84C-947E-4D8A-9014-487E988B72C6}.Debug|Any CPU.ActiveCfg = Debug|Any CPU
		{1E19D84C-947E-4D8A-9014-487E988B72C6}.Debug|Any CPU.Build.0 = Debug|Any CPU
		{1E19D84C-947E-4D8A-9014-487E988B72C6}.Release|Any CPU.ActiveCfg = Release|Any CPU
		{1E19D84C-947E-4D8A-9014-487E988B72C6}.Release|Any CPU.Build.0 = Release|Any CPU
		{3FC84A7E-8315-4783-BDA9-413A80019AC3}.Debug|Any CPU.ActiveCfg = Debug|Any CPU
		{3FC84A7E-8315-4783-BDA9-413A80019AC3}.Debug|Any CPU.Build.0 = Debug|Any CPU
		{3FC84A7E-8315-4783-BDA9-413A80019AC3}.Release|Any CPU.ActiveCfg = Release|Any CPU
		{3FC84A7E-8315-4783-BDA9-413A80019AC3}.Release|Any CPU.Build.0 = Release|Any CPU
		{F0885EF6-FE47-4D85-AE01-09B38D4B3BB7}.Debug|Any CPU.ActiveCfg = Debug|Any CPU
		{F0885EF6-FE47-4D85-AE01-09B38D4B3BB7}.Debug|Any CPU.Build.0 = Debug|Any CPU
		{F0885EF6-FE47-4D85-AE01-09B38D4B3BB7}.Release|Any CPU.ActiveCfg = Release|Any CPU
		{F0885EF6-FE47-4D85-AE01-09B38D4B3BB7}.Release|Any CPU.Build.0 = Release|Any CPU
		{61F6601D-62B6-4BEE-AC83-1BB62F1EBDBA}.Debug|Any CPU.ActiveCfg = Debug|Any CPU
		{61F6601D-62B6-4BEE-AC83-1BB62F1EBDBA}.Debug|Any CPU.Build.0 = Debug|Any CPU
		{61F6601D-62B6-4BEE-AC83-1BB62F1EBDBA}.Release|Any CPU.ActiveCfg = Release|Any CPU
		{61F6601D-62B6-4BEE-AC83-1BB62F1EBDBA}.Release|Any CPU.Build.0 = Release|Any CPU
		{854BC587-64F6-4BEA-B3D0-0523588C4AE4}.Debug|Any CPU.ActiveCfg = Debug|Any CPU
		{854BC587-64F6-4BEA-B3D0-0523588C4AE4}.Debug|Any CPU.Build.0 = Debug|Any CPU
		{854BC587-64F6-4BEA-B3D0-0523588C4AE4}.Release|Any CPU.ActiveCfg = Release|Any CPU
		{854BC587-64F6-4BEA-B3D0-0523588C4AE4}.Release|Any CPU.Build.0 = Release|Any CPU
		{7695D2BF-4E61-4D53-BF87-1ACCEED9F0F6}.Debug|Any CPU.ActiveCfg = Debug|Any CPU
		{7695D2BF-4E61-4D53-BF87-1ACCEED9F0F6}.Debug|Any CPU.Build.0 = Debug|Any CPU
		{7695D2BF-4E61-4D53-BF87-1ACCEED9F0F6}.Release|Any CPU.ActiveCfg = Release|Any CPU
		{7695D2BF-4E61-4D53-BF87-1ACCEED9F0F6}.Release|Any CPU.Build.0 = Release|Any CPU
		{425AD99D-F20E-44B3-87FF-6FDB58C8A4A0}.Debug|Any CPU.ActiveCfg = Debug|Any CPU
		{425AD99D-F20E-44B3-87FF-6FDB58C8A4A0}.Debug|Any CPU.Build.0 = Debug|Any CPU
		{425AD99D-F20E-44B3-87FF-6FDB58C8A4A0}.Release|Any CPU.ActiveCfg = Release|Any CPU
		{425AD99D-F20E-44B3-87FF-6FDB58C8A4A0}.Release|Any CPU.Build.0 = Release|Any CPU
		{C9F2A864-6E6D-4B60-B47C-D1479FFE63B5}.Debug|Any CPU.ActiveCfg = Debug|Any CPU
		{C9F2A864-6E6D-4B60-B47C-D1479FFE63B5}.Debug|Any CPU.Build.0 = Debug|Any CPU
		{C9F2A864-6E6D-4B60-B47C-D1479FFE63B5}.Release|Any CPU.ActiveCfg = Release|Any CPU
		{C9F2A864-6E6D-4B60-B47C-D1479FFE63B5}.Release|Any CPU.Build.0 = Release|Any CPU
		{F15968BB-16C5-447E-B3C5-235F1FB24D61}.Debug|Any CPU.ActiveCfg = Debug|Any CPU
		{F15968BB-16C5-447E-B3C5-235F1FB24D61}.Debug|Any CPU.Build.0 = Debug|Any CPU
		{F15968BB-16C5-447E-B3C5-235F1FB24D61}.Release|Any CPU.ActiveCfg = Release|Any CPU
		{F15968BB-16C5-447E-B3C5-235F1FB24D61}.Release|Any CPU.Build.0 = Release|Any CPU
		{07737193-F138-4B3D-B8B4-0C6AAC92C26C}.Debug|Any CPU.ActiveCfg = Debug|Any CPU
		{07737193-F138-4B3D-B8B4-0C6AAC92C26C}.Debug|Any CPU.Build.0 = Debug|Any CPU
		{07737193-F138-4B3D-B8B4-0C6AAC92C26C}.Release|Any CPU.ActiveCfg = Release|Any CPU
		{07737193-F138-4B3D-B8B4-0C6AAC92C26C}.Release|Any CPU.Build.0 = Release|Any CPU
	EndGlobalSection
	GlobalSection(SolutionProperties) = preSolution
		HideSolutionNode = FALSE
	EndGlobalSection
	GlobalSection(NestedProjects) = preSolution
		{8A8D7F07-28E1-4969-A4FD-B0A3C4AC3525} = {06816652-847B-4EBA-BC18-0CDDC9DDF084}
		{EA509411-0AAA-468E-A410-5B4C39DDC93E} = {06816652-847B-4EBA-BC18-0CDDC9DDF084}
		{D908DB58-0D7B-4EBC-8E61-5B45A9867D31} = {06816652-847B-4EBA-BC18-0CDDC9DDF084}
		{24A1E080-9C7E-4EFA-B92E-DE1472117E98} = {06816652-847B-4EBA-BC18-0CDDC9DDF084}
		{9AC1BA9E-1B62-4531-BACF-E91C1D919AEF} = {06816652-847B-4EBA-BC18-0CDDC9DDF084}
		{C2FAE553-1C0E-406A-9B9E-0DA7C32FC548} = {06816652-847B-4EBA-BC18-0CDDC9DDF084}
		{16450E20-D8E7-440C-A651-B87436241BD0} = {06816652-847B-4EBA-BC18-0CDDC9DDF084}
		{59199274-753D-4FF6-9BAB-917C68B7E04E} = {8A8D7F07-28E1-4969-A4FD-B0A3C4AC3525}
		{99C7A830-A087-4F00-BBB9-43F7B54F4CD7} = {8A8D7F07-28E1-4969-A4FD-B0A3C4AC3525}
		{9B0BCF33-61E7-4BBD-BC1C-ED3FAC574435} = {EA509411-0AAA-468E-A410-5B4C39DDC93E}
		{7A8A02EC-C475-4B9C-ABD2-666AF30D55F7} = {EA509411-0AAA-468E-A410-5B4C39DDC93E}
		{923BEA0E-C321-4DEC-B231-9A20FE971741} = {EA509411-0AAA-468E-A410-5B4C39DDC93E}
		{3A2989B9-AE6C-4B67-B7C1-496F39759D12} = {D908DB58-0D7B-4EBC-8E61-5B45A9867D31}
		{856F02F5-9011-443B-A7EF-6A032941EBD6} = {D908DB58-0D7B-4EBC-8E61-5B45A9867D31}
		{26CEAF73-AA3D-4273-B8AF-BB26DF907DE1} = {D908DB58-0D7B-4EBC-8E61-5B45A9867D31}
		{836FF0F1-F869-4597-8F3D-B5E842DA0588} = {D908DB58-0D7B-4EBC-8E61-5B45A9867D31}
		{03AD1442-85CA-4F08-96EC-1C190005223D} = {D908DB58-0D7B-4EBC-8E61-5B45A9867D31}
		{1148EC9E-B6B2-419E-951D-C592153AED17} = {D908DB58-0D7B-4EBC-8E61-5B45A9867D31}
		{425AD99D-F20E-44B3-87FF-6FDB58C8A4A0} = {D908DB58-0D7B-4EBC-8E61-5B45A9867D31}
		{3B432594-A834-4C7E-B09E-27B26C7A7C7B} = {24A1E080-9C7E-4EFA-B92E-DE1472117E98}
		{7AE80175-C9CE-4BCD-8B77-0FBF3F4A483D} = {24A1E080-9C7E-4EFA-B92E-DE1472117E98}
		{A86A886D-0618-469E-A674-03DE5B0F3287} = {24A1E080-9C7E-4EFA-B92E-DE1472117E98}
		{E8AF11E8-5688-4BDC-93DB-995642315208} = {24A1E080-9C7E-4EFA-B92E-DE1472117E98}
		{CFA09889-FF8F-4E33-8C97-F4774F20DDA8} = {24A1E080-9C7E-4EFA-B92E-DE1472117E98}
		{9AEAA6B5-CAD3-463F-BE28-438EAD6834DA} = {24A1E080-9C7E-4EFA-B92E-DE1472117E98}
		{1E19D84C-947E-4D8A-9014-487E988B72C6} = {24A1E080-9C7E-4EFA-B92E-DE1472117E98}
		{3FC84A7E-8315-4783-BDA9-413A80019AC3} = {24A1E080-9C7E-4EFA-B92E-DE1472117E98}
		{677F6AD0-27B2-44FF-A7E7-80465FF0D34B} = {9AC1BA9E-1B62-4531-BACF-E91C1D919AEF}
		{F0885EF6-FE47-4D85-AE01-09B38D4B3BB7} = {9AC1BA9E-1B62-4531-BACF-E91C1D919AEF}
		{61F6601D-62B6-4BEE-AC83-1BB62F1EBDBA} = {9AC1BA9E-1B62-4531-BACF-E91C1D919AEF}
		{7695D2BF-4E61-4D53-BF87-1ACCEED9F0F6} = {9AC1BA9E-1B62-4531-BACF-E91C1D919AEF}
		{854BC587-64F6-4BEA-B3D0-0523588C4AE4} = {C2FAE553-1C0E-406A-9B9E-0DA7C32FC548}
		{C9F2A864-6E6D-4B60-B47C-D1479FFE63B5} = {16450E20-D8E7-440C-A651-B87436241BD0}
		{F15968BB-16C5-447E-B3C5-235F1FB24D61} = {16450E20-D8E7-440C-A651-B87436241BD0}
	EndGlobalSection
EndGlobal
